{
  "requires": true,
  "lockfileVersion": 1,
  "dependencies": {
    "karma-junit-reporter": {
      "version": "2.0.1",
      "resolved": "https://registry.npmjs.org/karma-junit-reporter/-/karma-junit-reporter-2.0.1.tgz",
      "integrity": "sha512-VtcGfE0JE4OE1wn0LK8xxDKaTP7slN8DO3I+4xg6gAi1IoAHAXOJ1V9G/y45Xg6sxdxPOR3THCFtDlAfBo9Afw==",
      "requires": {
        "path-is-absolute": "^1.0.0",
        "xmlbuilder": "12.0.0"
      }
    },
    "path-is-absolute": {
      "version": "1.0.1",
      "resolved": "https://registry.npmjs.org/path-is-absolute/-/path-is-absolute-1.0.1.tgz",
      "integrity": "sha1-F0uSaHNVNP+8es5r9TpanhtcX18="
    },
    "xmlbuilder": {
      "version": "12.0.0",
      "resolved": "https://registry.npmjs.org/xmlbuilder/-/xmlbuilder-12.0.0.tgz",
      "integrity": "sha512-lMo8DJ8u6JRWp0/Y4XLa/atVDr75H9litKlb2E5j3V3MesoL50EBgZDWoLT3F/LztVnG67GjPXLZpqcky/UMnQ=="
    }
  }
}
